<?xml version="1.0" encoding="UTF-8"?>
<!DOCTYPE plist PUBLIC "-//Apple//DTD PLIST 1.0//EN" "http://www.apple.com/DTDs/PropertyList-1.0.dtd">
<plist version="1.0">
<dict>
	<key>archiveVersion</key>
	<string>1</string>
	<key>classes</key>
	<dict/>
	<key>objectVersion</key>
	<string>46</string>
	<key>objects</key>
	<dict>
		<key>12B85ACE7F7B4121A6FF370A</key>
		<dict>
			<key>buildActionMask</key>
			<string>2147483647</string>
			<key>files</key>
			<array/>
			<key>inputPaths</key>
			<array/>
			<key>isa</key>
			<string>PBXShellScriptBuildPhase</string>
			<key>name</key>
			<string>Copy Pods Resources</string>
			<key>outputPaths</key>
			<array/>
			<key>runOnlyForDeploymentPostprocessing</key>
			<string>0</string>
			<key>shellPath</key>
			<string>/bin/sh</string>
			<key>shellScript</key>
			<string>"${SRCROOT}/Pods/Pods-resources.sh"
</string>
			<key>showEnvVarsInLog</key>
			<string>0</string>
		</dict>
		<key>4BE6802884E1403FA8E4EC71</key>
		<dict>
			<key>fileRef</key>
			<string>9981F6825FE3472589E99E6D</string>
			<key>isa</key>
			<string>PBXBuildFile</string>
		</dict>
		<key>8D2AB78076194283843EABB6</key>
		<dict>
			<key>buildActionMask</key>
			<string>2147483647</string>
			<key>files</key>
			<array/>
			<key>inputPaths</key>
			<array/>
			<key>isa</key>
			<string>PBXShellScriptBuildPhase</string>
			<key>name</key>
			<string>Check Pods Manifest.lock</string>
			<key>outputPaths</key>
			<array/>
			<key>runOnlyForDeploymentPostprocessing</key>
			<string>0</string>
			<key>shellPath</key>
			<string>/bin/sh</string>
			<key>shellScript</key>
			<string>diff "${PODS_ROOT}/../Podfile.lock" "${PODS_ROOT}/Manifest.lock" &gt; /dev/null
if [[ $? != 0 ]] ; then
    cat &lt;&lt; EOM
error: The sandbox is not in sync with the Podfile.lock. Run 'pod install' or update your CocoaPods installation.
EOM
    exit 1
fi
</string>
			<key>showEnvVarsInLog</key>
			<string>0</string>
		</dict>
		<key>967F085B184CD15E007C7DCD</key>
		<dict>
			<key>children</key>
			<array>
				<string>967F086D184CD15E007C7DCD</string>
				<string>967F088F184CD15F007C7DCD</string>
				<string>967F0866184CD15E007C7DCD</string>
				<string>967F0865184CD15E007C7DCD</string>
				<string>F6E09F69250A43B2AE7752D4</string>
			</array>
			<key>isa</key>
			<string>PBXGroup</string>
			<key>sourceTree</key>
			<string>&lt;group&gt;</string>
		</dict>
		<key>967F085C184CD15E007C7DCD</key>
		<dict>
			<key>attributes</key>
			<dict>
				<key>LastUpgradeCheck</key>
				<string>0500</string>
				<key>ORGANIZATIONNAME</key>
				<string>Matthew Propst</string>
				<key>TargetAttributes</key>
				<dict>
					<key>967F0887184CD15F007C7DCD</key>
					<dict>
						<key>TestTargetID</key>
						<string>967F0863184CD15E007C7DCD</string>
					</dict>
				</dict>
			</dict>
			<key>buildConfigurationList</key>
			<string>967F085F184CD15E007C7DCD</string>
			<key>compatibilityVersion</key>
			<string>Xcode 3.2</string>
			<key>developmentRegion</key>
			<string>English</string>
			<key>hasScannedForEncodings</key>
			<string>0</string>
			<key>isa</key>
			<string>PBXProject</string>
			<key>knownRegions</key>
			<array>
				<string>en</string>
				<string>Base</string>
			</array>
			<key>mainGroup</key>
			<string>967F085B184CD15E007C7DCD</string>
			<key>productRefGroup</key>
			<string>967F0865184CD15E007C7DCD</string>
			<key>projectDirPath</key>
			<string></string>
			<key>projectReferences</key>
			<array/>
			<key>projectRoot</key>
			<string></string>
			<key>targets</key>
			<array>
				<string>967F0863184CD15E007C7DCD</string>
				<string>967F0887184CD15F007C7DCD</string>
			</array>
		</dict>
		<key>967F085F184CD15E007C7DCD</key>
		<dict>
			<key>buildConfigurations</key>
			<array>
				<string>967F0897184CD15F007C7DCD</string>
				<string>967F0898184CD15F007C7DCD</string>
			</array>
			<key>defaultConfigurationIsVisible</key>
			<string>0</string>
			<key>defaultConfigurationName</key>
			<string>Release</string>
			<key>isa</key>
			<string>XCConfigurationList</string>
		</dict>
		<key>967F0860184CD15E007C7DCD</key>
		<dict>
			<key>buildActionMask</key>
			<string>2147483647</string>
			<key>files</key>
			<array>
				<string>967F0881184CD15F007C7DCD</string>
				<string>967F0878184CD15F007C7DCD</string>
				<string>967F0874184CD15F007C7DCD</string>
			</array>
			<key>isa</key>
			<string>PBXSourcesBuildPhase</string>
			<key>runOnlyForDeploymentPostprocessing</key>
			<string>0</string>
		</dict>
		<key>967F0861184CD15E007C7DCD</key>
		<dict>
			<key>buildActionMask</key>
			<string>2147483647</string>
			<key>files</key>
			<array>
				<string>967F086A184CD15E007C7DCD</string>
				<string>967F086C184CD15E007C7DCD</string>
				<string>967F0868184CD15E007C7DCD</string>
				<string>4BE6802884E1403FA8E4EC71</string>
			</array>
			<key>isa</key>
			<string>PBXFrameworksBuildPhase</string>
			<key>runOnlyForDeploymentPostprocessing</key>
			<string>0</string>
		</dict>
		<key>967F0862184CD15E007C7DCD</key>
		<dict>
			<key>buildActionMask</key>
			<string>2147483647</string>
			<key>files</key>
			<array>
				<string>967F087E184CD15F007C7DCD</string>
				<string>967F0883184CD15F007C7DCD</string>
				<string>967F087B184CD15F007C7DCD</string>
				<string>967F0872184CD15E007C7DCD</string>
			</array>
			<key>isa</key>
			<string>PBXResourcesBuildPhase</string>
			<key>runOnlyForDeploymentPostprocessing</key>
			<string>0</string>
		</dict>
		<key>967F0863184CD15E007C7DCD</key>
		<dict>
			<key>buildConfigurationList</key>
			<string>967F0899184CD15F007C7DCD</string>
			<key>buildPhases</key>
			<array>
				<string>8D2AB78076194283843EABB6</string>
				<string>967F0860184CD15E007C7DCD</string>
				<string>967F0861184CD15E007C7DCD</string>
				<string>967F0862184CD15E007C7DCD</string>
				<string>12B85ACE7F7B4121A6FF370A</string>
			</array>
			<key>buildRules</key>
			<array/>
			<key>dependencies</key>
			<array/>
			<key>isa</key>
			<string>PBXNativeTarget</string>
			<key>name</key>
			<string>ReactiveForm</string>
			<key>productName</key>
			<string>ReactiveForm</string>
			<key>productReference</key>
			<string>967F0864184CD15E007C7DCD</string>
			<key>productType</key>
			<string>com.apple.product-type.application</string>
		</dict>
		<key>967F0864184CD15E007C7DCD</key>
		<dict>
			<key>explicitFileType</key>
			<string>wrapper.application</string>
			<key>includeInIndex</key>
			<string>0</string>
			<key>isa</key>
			<string>PBXFileReference</string>
			<key>path</key>
			<string>ReactiveForm.app</string>
			<key>sourceTree</key>
			<string>BUILT_PRODUCTS_DIR</string>
		</dict>
		<key>967F0865184CD15E007C7DCD</key>
		<dict>
			<key>children</key>
			<array>
				<string>967F0864184CD15E007C7DCD</string>
				<string>967F0888184CD15F007C7DCD</string>
			</array>
			<key>isa</key>
			<string>PBXGroup</string>
			<key>name</key>
			<string>Products</string>
			<key>sourceTree</key>
			<string>&lt;group&gt;</string>
		</dict>
		<key>967F0866184CD15E007C7DCD</key>
		<dict>
			<key>children</key>
			<array>
				<string>967F0867184CD15E007C7DCD</string>
				<string>967F0869184CD15E007C7DCD</string>
				<string>967F086B184CD15E007C7DCD</string>
				<string>967F0889184CD15F007C7DCD</string>
				<string>9981F6825FE3472589E99E6D</string>
			</array>
			<key>isa</key>
			<string>PBXGroup</string>
			<key>name</key>
			<string>Frameworks</string>
			<key>sourceTree</key>
			<string>&lt;group&gt;</string>
		</dict>
		<key>967F0867184CD15E007C7DCD</key>
		<dict>
			<key>isa</key>
			<string>PBXFileReference</string>
			<key>lastKnownFileType</key>
			<string>wrapper.framework</string>
			<key>name</key>
			<string>Foundation.framework</string>
			<key>path</key>
			<string>System/Library/Frameworks/Foundation.framework</string>
			<key>sourceTree</key>
			<string>SDKROOT</string>
		</dict>
		<key>967F0868184CD15E007C7DCD</key>
		<dict>
			<key>fileRef</key>
			<string>967F0867184CD15E007C7DCD</string>
			<key>isa</key>
			<string>PBXBuildFile</string>
		</dict>
		<key>967F0869184CD15E007C7DCD</key>
		<dict>
			<key>isa</key>
			<string>PBXFileReference</string>
			<key>lastKnownFileType</key>
			<string>wrapper.framework</string>
			<key>name</key>
			<string>CoreGraphics.framework</string>
			<key>path</key>
			<string>System/Library/Frameworks/CoreGraphics.framework</string>
			<key>sourceTree</key>
			<string>SDKROOT</string>
		</dict>
		<key>967F086A184CD15E007C7DCD</key>
		<dict>
			<key>fileRef</key>
			<string>967F0869184CD15E007C7DCD</string>
			<key>isa</key>
			<string>PBXBuildFile</string>
		</dict>
		<key>967F086B184CD15E007C7DCD</key>
		<dict>
			<key>isa</key>
			<string>PBXFileReference</string>
			<key>lastKnownFileType</key>
			<string>wrapper.framework</string>
			<key>name</key>
			<string>UIKit.framework</string>
			<key>path</key>
			<string>System/Library/Frameworks/UIKit.framework</string>
			<key>sourceTree</key>
			<string>SDKROOT</string>
		</dict>
		<key>967F086C184CD15E007C7DCD</key>
		<dict>
			<key>fileRef</key>
			<string>967F086B184CD15E007C7DCD</string>
			<key>isa</key>
			<string>PBXBuildFile</string>
		</dict>
		<key>967F086D184CD15E007C7DCD</key>
		<dict>
			<key>children</key>
			<array>
				<string>967F0876184CD15F007C7DCD</string>
				<string>967F0877184CD15F007C7DCD</string>
				<string>967F0879184CD15F007C7DCD</string>
				<string>967F087C184CD15F007C7DCD</string>
				<string>967F087F184CD15F007C7DCD</string>
				<string>967F0880184CD15F007C7DCD</string>
				<string>967F0882184CD15F007C7DCD</string>
				<string>967F086E184CD15E007C7DCD</string>
			</array>
			<key>isa</key>
			<string>PBXGroup</string>
			<key>path</key>
			<string>ReactiveForm</string>
			<key>sourceTree</key>
			<string>&lt;group&gt;</string>
		</dict>
		<key>967F086E184CD15E007C7DCD</key>
		<dict>
			<key>children</key>
			<array>
				<string>967F086F184CD15E007C7DCD</string>
				<string>967F0870184CD15E007C7DCD</string>
				<string>967F0873184CD15F007C7DCD</string>
				<string>967F0875184CD15F007C7DCD</string>
			</array>
			<key>isa</key>
			<string>PBXGroup</string>
			<key>name</key>
			<string>Supporting Files</string>
			<key>sourceTree</key>
			<string>&lt;group&gt;</string>
		</dict>
		<key>967F086F184CD15E007C7DCD</key>
		<dict>
			<key>isa</key>
			<string>PBXFileReference</string>
			<key>lastKnownFileType</key>
			<string>text.plist.xml</string>
			<key>path</key>
			<string>ReactiveForm-Info.plist</string>
			<key>sourceTree</key>
			<string>&lt;group&gt;</string>
		</dict>
		<key>967F0870184CD15E007C7DCD</key>
		<dict>
			<key>children</key>
			<array>
				<string>967F0871184CD15E007C7DCD</string>
			</array>
			<key>isa</key>
			<string>PBXVariantGroup</string>
			<key>name</key>
			<string>InfoPlist.strings</string>
			<key>sourceTree</key>
			<string>&lt;group&gt;</string>
		</dict>
		<key>967F0871184CD15E007C7DCD</key>
		<dict>
			<key>isa</key>
			<string>PBXFileReference</string>
			<key>lastKnownFileType</key>
			<string>text.plist.strings</string>
			<key>name</key>
			<string>en</string>
			<key>path</key>
			<string>en.lproj/InfoPlist.strings</string>
			<key>sourceTree</key>
			<string>&lt;group&gt;</string>
		</dict>
		<key>967F0872184CD15E007C7DCD</key>
		<dict>
			<key>fileRef</key>
			<string>967F0870184CD15E007C7DCD</string>
			<key>isa</key>
			<string>PBXBuildFile</string>
		</dict>
		<key>967F0873184CD15F007C7DCD</key>
		<dict>
			<key>isa</key>
			<string>PBXFileReference</string>
			<key>lastKnownFileType</key>
			<string>sourcecode.c.objc</string>
			<key>path</key>
			<string>main.m</string>
			<key>sourceTree</key>
			<string>&lt;group&gt;</string>
		</dict>
		<key>967F0874184CD15F007C7DCD</key>
		<dict>
			<key>fileRef</key>
			<string>967F0873184CD15F007C7DCD</string>
			<key>isa</key>
			<string>PBXBuildFile</string>
		</dict>
		<key>967F0875184CD15F007C7DCD</key>
		<dict>
			<key>isa</key>
			<string>PBXFileReference</string>
			<key>lastKnownFileType</key>
			<string>sourcecode.c.h</string>
			<key>path</key>
			<string>ReactiveForm-Prefix.pch</string>
			<key>sourceTree</key>
			<string>&lt;group&gt;</string>
		</dict>
		<key>967F0876184CD15F007C7DCD</key>
		<dict>
			<key>isa</key>
			<string>PBXFileReference</string>
			<key>lastKnownFileType</key>
			<string>sourcecode.c.h</string>
			<key>path</key>
			<string>AppDelegate.h</string>
			<key>sourceTree</key>
			<string>&lt;group&gt;</string>
		</dict>
		<key>967F0877184CD15F007C7DCD</key>
		<dict>
			<key>isa</key>
			<string>PBXFileReference</string>
			<key>lastKnownFileType</key>
			<string>sourcecode.c.objc</string>
			<key>path</key>
			<string>AppDelegate.m</string>
			<key>sourceTree</key>
			<string>&lt;group&gt;</string>
		</dict>
		<key>967F0878184CD15F007C7DCD</key>
		<dict>
			<key>fileRef</key>
			<string>967F0877184CD15F007C7DCD</string>
			<key>isa</key>
			<string>PBXBuildFile</string>
		</dict>
		<key>967F0879184CD15F007C7DCD</key>
		<dict>
			<key>children</key>
			<array>
				<string>967F087A184CD15F007C7DCD</string>
			</array>
			<key>isa</key>
			<string>PBXVariantGroup</string>
			<key>name</key>
			<string>Main_iPhone.storyboard</string>
			<key>sourceTree</key>
			<string>&lt;group&gt;</string>
		</dict>
		<key>967F087A184CD15F007C7DCD</key>
		<dict>
			<key>isa</key>
			<string>PBXFileReference</string>
			<key>lastKnownFileType</key>
			<string>file.storyboard</string>
			<key>name</key>
			<string>Base</string>
			<key>path</key>
			<string>Base.lproj/Main_iPhone.storyboard</string>
			<key>sourceTree</key>
			<string>&lt;group&gt;</string>
		</dict>
		<key>967F087B184CD15F007C7DCD</key>
		<dict>
			<key>fileRef</key>
			<string>967F0879184CD15F007C7DCD</string>
			<key>isa</key>
			<string>PBXBuildFile</string>
		</dict>
		<key>967F087C184CD15F007C7DCD</key>
		<dict>
			<key>children</key>
			<array>
				<string>967F087D184CD15F007C7DCD</string>
			</array>
			<key>isa</key>
			<string>PBXVariantGroup</string>
			<key>name</key>
			<string>Main_iPad.storyboard</string>
			<key>sourceTree</key>
			<string>&lt;group&gt;</string>
		</dict>
		<key>967F087D184CD15F007C7DCD</key>
		<dict>
			<key>isa</key>
			<string>PBXFileReference</string>
			<key>lastKnownFileType</key>
			<string>file.storyboard</string>
			<key>name</key>
			<string>Base</string>
			<key>path</key>
			<string>Base.lproj/Main_iPad.storyboard</string>
			<key>sourceTree</key>
			<string>&lt;group&gt;</string>
		</dict>
		<key>967F087E184CD15F007C7DCD</key>
		<dict>
			<key>fileRef</key>
			<string>967F087C184CD15F007C7DCD</string>
			<key>isa</key>
			<string>PBXBuildFile</string>
		</dict>
		<key>967F087F184CD15F007C7DCD</key>
		<dict>
			<key>isa</key>
			<string>PBXFileReference</string>
			<key>lastKnownFileType</key>
			<string>sourcecode.c.h</string>
			<key>path</key>
			<string>ViewController.h</string>
			<key>sourceTree</key>
			<string>&lt;group&gt;</string>
		</dict>
		<key>967F0880184CD15F007C7DCD</key>
		<dict>
			<key>isa</key>
			<string>PBXFileReference</string>
			<key>lastKnownFileType</key>
			<string>sourcecode.c.objc</string>
			<key>path</key>
			<string>ViewController.m</string>
			<key>sourceTree</key>
			<string>&lt;group&gt;</string>
		</dict>
		<key>967F0881184CD15F007C7DCD</key>
		<dict>
			<key>fileRef</key>
			<string>967F0880184CD15F007C7DCD</string>
			<key>isa</key>
			<string>PBXBuildFile</string>
		</dict>
		<key>967F0882184CD15F007C7DCD</key>
		<dict>
			<key>isa</key>
			<string>PBXFileReference</string>
			<key>lastKnownFileType</key>
			<string>folder.assetcatalog</string>
			<key>path</key>
			<string>Images.xcassets</string>
			<key>sourceTree</key>
			<string>&lt;group&gt;</string>
		</dict>
		<key>967F0883184CD15F007C7DCD</key>
		<dict>
			<key>fileRef</key>
			<string>967F0882184CD15F007C7DCD</string>
			<key>isa</key>
			<string>PBXBuildFile</string>
		</dict>
		<key>967F0884184CD15F007C7DCD</key>
		<dict>
			<key>buildActionMask</key>
			<string>2147483647</string>
			<key>files</key>
			<array>
				<string>967F0896184CD15F007C7DCD</string>
			</array>
			<key>isa</key>
			<string>PBXSourcesBuildPhase</string>
			<key>runOnlyForDeploymentPostprocessing</key>
			<string>0</string>
		</dict>
		<key>967F0885184CD15F007C7DCD</key>
		<dict>
			<key>buildActionMask</key>
			<string>2147483647</string>
			<key>files</key>
			<array>
				<string>967F088A184CD15F007C7DCD</string>
				<string>967F088C184CD15F007C7DCD</string>
				<string>967F088B184CD15F007C7DCD</string>
			</array>
			<key>isa</key>
			<string>PBXFrameworksBuildPhase</string>
			<key>runOnlyForDeploymentPostprocessing</key>
			<string>0</string>
		</dict>
		<key>967F0886184CD15F007C7DCD</key>
		<dict>
			<key>buildActionMask</key>
			<string>2147483647</string>
			<key>files</key>
			<array>
				<string>967F0894184CD15F007C7DCD</string>
			</array>
			<key>isa</key>
			<string>PBXResourcesBuildPhase</string>
			<key>runOnlyForDeploymentPostprocessing</key>
			<string>0</string>
		</dict>
		<key>967F0887184CD15F007C7DCD</key>
		<dict>
			<key>buildConfigurationList</key>
			<string>967F089C184CD15F007C7DCD</string>
			<key>buildPhases</key>
			<array>
				<string>967F0884184CD15F007C7DCD</string>
				<string>967F0885184CD15F007C7DCD</string>
				<string>967F0886184CD15F007C7DCD</string>
			</array>
			<key>buildRules</key>
			<array/>
			<key>dependencies</key>
			<array>
				<string>967F088E184CD15F007C7DCD</string>
			</array>
			<key>isa</key>
			<string>PBXNativeTarget</string>
			<key>name</key>
			<string>ReactiveFormTests</string>
			<key>productName</key>
			<string>ReactiveFormTests</string>
			<key>productReference</key>
			<string>967F0888184CD15F007C7DCD</string>
			<key>productType</key>
			<string>com.apple.product-type.bundle.unit-test</string>
		</dict>
		<key>967F0888184CD15F007C7DCD</key>
		<dict>
			<key>explicitFileType</key>
			<string>wrapper.cfbundle</string>
			<key>includeInIndex</key>
			<string>0</string>
			<key>isa</key>
			<string>PBXFileReference</string>
			<key>path</key>
			<string>ReactiveFormTests.xctest</string>
			<key>sourceTree</key>
			<string>BUILT_PRODUCTS_DIR</string>
		</dict>
		<key>967F0889184CD15F007C7DCD</key>
		<dict>
			<key>isa</key>
			<string>PBXFileReference</string>
			<key>lastKnownFileType</key>
			<string>wrapper.framework</string>
			<key>name</key>
			<string>XCTest.framework</string>
			<key>path</key>
			<string>Library/Frameworks/XCTest.framework</string>
			<key>sourceTree</key>
			<string>DEVELOPER_DIR</string>
		</dict>
		<key>967F088A184CD15F007C7DCD</key>
		<dict>
			<key>fileRef</key>
			<string>967F0889184CD15F007C7DCD</string>
			<key>isa</key>
			<string>PBXBuildFile</string>
		</dict>
		<key>967F088B184CD15F007C7DCD</key>
		<dict>
			<key>fileRef</key>
			<string>967F0867184CD15E007C7DCD</string>
			<key>isa</key>
			<string>PBXBuildFile</string>
		</dict>
		<key>967F088C184CD15F007C7DCD</key>
		<dict>
			<key>fileRef</key>
			<string>967F086B184CD15E007C7DCD</string>
			<key>isa</key>
			<string>PBXBuildFile</string>
		</dict>
		<key>967F088D184CD15F007C7DCD</key>
		<dict>
			<key>containerPortal</key>
			<string>967F085C184CD15E007C7DCD</string>
			<key>isa</key>
			<string>PBXContainerItemProxy</string>
			<key>proxyType</key>
			<string>1</string>
			<key>remoteGlobalIDString</key>
			<string>967F0863184CD15E007C7DCD</string>
			<key>remoteInfo</key>
			<string>ReactiveForm</string>
		</dict>
		<key>967F088E184CD15F007C7DCD</key>
		<dict>
			<key>isa</key>
			<string>PBXTargetDependency</string>
			<key>target</key>
			<string>967F0863184CD15E007C7DCD</string>
			<key>targetProxy</key>
			<string>967F088D184CD15F007C7DCD</string>
		</dict>
		<key>967F088F184CD15F007C7DCD</key>
		<dict>
			<key>children</key>
			<array>
				<string>967F0895184CD15F007C7DCD</string>
				<string>967F0890184CD15F007C7DCD</string>
			</array>
			<key>isa</key>
			<string>PBXGroup</string>
			<key>path</key>
			<string>ReactiveFormTests</string>
			<key>sourceTree</key>
			<string>&lt;group&gt;</string>
		</dict>
		<key>967F0890184CD15F007C7DCD</key>
		<dict>
			<key>children</key>
			<array>
				<string>967F0891184CD15F007C7DCD</string>
				<string>967F0892184CD15F007C7DCD</string>
			</array>
			<key>isa</key>
			<string>PBXGroup</string>
			<key>name</key>
			<string>Supporting Files</string>
			<key>sourceTree</key>
			<string>&lt;group&gt;</string>
		</dict>
		<key>967F0891184CD15F007C7DCD</key>
		<dict>
			<key>isa</key>
			<string>PBXFileReference</string>
			<key>lastKnownFileType</key>
			<string>text.plist.xml</string>
			<key>path</key>
			<string>ReactiveFormTests-Info.plist</string>
			<key>sourceTree</key>
			<string>&lt;group&gt;</string>
		</dict>
		<key>967F0892184CD15F007C7DCD</key>
		<dict>
			<key>children</key>
			<array>
				<string>967F0893184CD15F007C7DCD</string>
			</array>
			<key>isa</key>
			<string>PBXVariantGroup</string>
			<key>name</key>
			<string>InfoPlist.strings</string>
			<key>sourceTree</key>
			<string>&lt;group&gt;</string>
		</dict>
		<key>967F0893184CD15F007C7DCD</key>
		<dict>
			<key>isa</key>
			<string>PBXFileReference</string>
			<key>lastKnownFileType</key>
			<string>text.plist.strings</string>
			<key>name</key>
			<string>en</string>
			<key>path</key>
			<string>en.lproj/InfoPlist.strings</string>
			<key>sourceTree</key>
			<string>&lt;group&gt;</string>
		</dict>
		<key>967F0894184CD15F007C7DCD</key>
		<dict>
			<key>fileRef</key>
			<string>967F0892184CD15F007C7DCD</string>
			<key>isa</key>
			<string>PBXBuildFile</string>
		</dict>
		<key>967F0895184CD15F007C7DCD</key>
		<dict>
			<key>isa</key>
			<string>PBXFileReference</string>
			<key>lastKnownFileType</key>
			<string>sourcecode.c.objc</string>
			<key>path</key>
			<string>ReactiveFormTests.m</string>
			<key>sourceTree</key>
			<string>&lt;group&gt;</string>
		</dict>
		<key>967F0896184CD15F007C7DCD</key>
		<dict>
			<key>fileRef</key>
			<string>967F0895184CD15F007C7DCD</string>
			<key>isa</key>
			<string>PBXBuildFile</string>
		</dict>
		<key>967F0897184CD15F007C7DCD</key>
		<dict>
			<key>buildSettings</key>
			<dict>
				<key>ALWAYS_SEARCH_USER_PATHS</key>
				<string>NO</string>
				<key>ARCHS</key>
				<string>$(ARCHS_STANDARD_INCLUDING_64_BIT)</string>
				<key>CLANG_CXX_LANGUAGE_STANDARD</key>
				<string>gnu++0x</string>
				<key>CLANG_CXX_LIBRARY</key>
				<string>libc++</string>
				<key>CLANG_ENABLE_MODULES</key>
				<string>YES</string>
				<key>CLANG_ENABLE_OBJC_ARC</key>
				<string>YES</string>
				<key>CLANG_WARN_BOOL_CONVERSION</key>
				<string>YES</string>
				<key>CLANG_WARN_CONSTANT_CONVERSION</key>
				<string>YES</string>
				<key>CLANG_WARN_DIRECT_OBJC_ISA_USAGE</key>
				<string>YES_ERROR</string>
				<key>CLANG_WARN_EMPTY_BODY</key>
				<string>YES</string>
				<key>CLANG_WARN_ENUM_CONVERSION</key>
				<string>YES</string>
				<key>CLANG_WARN_INT_CONVERSION</key>
				<string>YES</string>
				<key>CLANG_WARN_OBJC_ROOT_CLASS</key>
				<string>YES_ERROR</string>
				<key>CLANG_WARN__DUPLICATE_METHOD_MATCH</key>
				<string>YES</string>
				<key>CODE_SIGN_IDENTITY[sdk=iphoneos*]</key>
				<string>iPhone Developer</string>
				<key>COPY_PHASE_STRIP</key>
				<string>NO</string>
				<key>GCC_C_LANGUAGE_STANDARD</key>
				<string>gnu99</string>
				<key>GCC_DYNAMIC_NO_PIC</key>
				<string>NO</string>
				<key>GCC_OPTIMIZATION_LEVEL</key>
				<string>0</string>
				<key>GCC_PREPROCESSOR_DEFINITIONS</key>
				<array>
					<string>DEBUG=1</string>
					<string>$(inherited)</string>
				</array>
				<key>GCC_SYMBOLS_PRIVATE_EXTERN</key>
				<string>NO</string>
				<key>GCC_WARN_64_TO_32_BIT_CONVERSION</key>
				<string>YES</string>
				<key>GCC_WARN_ABOUT_RETURN_TYPE</key>
				<string>YES_ERROR</string>
				<key>GCC_WARN_UNDECLARED_SELECTOR</key>
				<string>YES</string>
				<key>GCC_WARN_UNINITIALIZED_AUTOS</key>
				<string>YES</string>
				<key>GCC_WARN_UNUSED_FUNCTION</key>
				<string>YES</string>
				<key>GCC_WARN_UNUSED_VARIABLE</key>
				<string>YES</string>
				<key>IPHONEOS_DEPLOYMENT_TARGET</key>
				<string>7.0</string>
				<key>ONLY_ACTIVE_ARCH</key>
				<string>YES</string>
				<key>SDKROOT</key>
				<string>iphoneos</string>
				<key>TARGETED_DEVICE_FAMILY</key>
				<string>1,2</string>
			</dict>
			<key>isa</key>
			<string>XCBuildConfiguration</string>
			<key>name</key>
			<string>Debug</string>
		</dict>
		<key>967F0898184CD15F007C7DCD</key>
		<dict>
			<key>buildSettings</key>
			<dict>
				<key>ALWAYS_SEARCH_USER_PATHS</key>
				<string>NO</string>
				<key>ARCHS</key>
				<string>$(ARCHS_STANDARD_INCLUDING_64_BIT)</string>
				<key>CLANG_CXX_LANGUAGE_STANDARD</key>
				<string>gnu++0x</string>
				<key>CLANG_CXX_LIBRARY</key>
				<string>libc++</string>
				<key>CLANG_ENABLE_MODULES</key>
				<string>YES</string>
				<key>CLANG_ENABLE_OBJC_ARC</key>
				<string>YES</string>
				<key>CLANG_WARN_BOOL_CONVERSION</key>
				<string>YES</string>
				<key>CLANG_WARN_CONSTANT_CONVERSION</key>
				<string>YES</string>
				<key>CLANG_WARN_DIRECT_OBJC_ISA_USAGE</key>
				<string>YES_ERROR</string>
				<key>CLANG_WARN_EMPTY_BODY</key>
				<string>YES</string>
				<key>CLANG_WARN_ENUM_CONVERSION</key>
				<string>YES</string>
				<key>CLANG_WARN_INT_CONVERSION</key>
				<string>YES</string>
				<key>CLANG_WARN_OBJC_ROOT_CLASS</key>
				<string>YES_ERROR</string>
				<key>CLANG_WARN__DUPLICATE_METHOD_MATCH</key>
				<string>YES</string>
				<key>CODE_SIGN_IDENTITY[sdk=iphoneos*]</key>
				<string>iPhone Developer</string>
				<key>COPY_PHASE_STRIP</key>
				<string>YES</string>
				<key>ENABLE_NS_ASSERTIONS</key>
				<string>NO</string>
				<key>GCC_C_LANGUAGE_STANDARD</key>
				<string>gnu99</string>
				<key>GCC_WARN_64_TO_32_BIT_CONVERSION</key>
				<string>YES</string>
				<key>GCC_WARN_ABOUT_RETURN_TYPE</key>
				<string>YES_ERROR</string>
				<key>GCC_WARN_UNDECLARED_SELECTOR</key>
				<string>YES</string>
				<key>GCC_WARN_UNINITIALIZED_AUTOS</key>
				<string>YES</string>
				<key>GCC_WARN_UNUSED_FUNCTION</key>
				<string>YES</string>
				<key>GCC_WARN_UNUSED_VARIABLE</key>
				<string>YES</string>
				<key>IPHONEOS_DEPLOYMENT_TARGET</key>
				<string>7.0</string>
				<key>SDKROOT</key>
				<string>iphoneos</string>
				<key>TARGETED_DEVICE_FAMILY</key>
				<string>1,2</string>
				<key>VALIDATE_PRODUCT</key>
				<string>YES</string>
			</dict>
			<key>isa</key>
			<string>XCBuildConfiguration</string>
			<key>name</key>
			<string>Release</string>
		</dict>
		<key>967F0899184CD15F007C7DCD</key>
		<dict>
			<key>buildConfigurations</key>
			<array>
				<string>967F089A184CD15F007C7DCD</string>
				<string>967F089B184CD15F007C7DCD</string>
			</array>
			<key>defaultConfigurationIsVisible</key>
			<string>0</string>
			<key>isa</key>
			<string>XCConfigurationList</string>
		</dict>
		<key>967F089A184CD15F007C7DCD</key>
		<dict>
			<key>baseConfigurationReference</key>
			<string>F6E09F69250A43B2AE7752D4</string>
			<key>buildSettings</key>
			<dict>
				<key>ASSETCATALOG_COMPILER_APPICON_NAME</key>
				<string>AppIcon</string>
				<key>ASSETCATALOG_COMPILER_LAUNCHIMAGE_NAME</key>
				<string>LaunchImage</string>
				<key>GCC_PRECOMPILE_PREFIX_HEADER</key>
				<string>YES</string>
				<key>GCC_PREFIX_HEADER</key>
				<string>ReactiveForm/ReactiveForm-Prefix.pch</string>
				<key>INFOPLIST_FILE</key>
				<string>ReactiveForm/ReactiveForm-Info.plist</string>
				<key>PRODUCT_NAME</key>
				<string>$(TARGET_NAME)</string>
				<key>WRAPPER_EXTENSION</key>
				<string>app</string>
			</dict>
			<key>isa</key>
			<string>XCBuildConfiguration</string>
			<key>name</key>
			<string>Debug</string>
		</dict>
		<key>967F089B184CD15F007C7DCD</key>
		<dict>
			<key>baseConfigurationReference</key>
			<string>F6E09F69250A43B2AE7752D4</string>
			<key>buildSettings</key>
			<dict>
				<key>ASSETCATALOG_COMPILER_APPICON_NAME</key>
				<string>AppIcon</string>
				<key>ASSETCATALOG_COMPILER_LAUNCHIMAGE_NAME</key>
				<string>LaunchImage</string>
				<key>GCC_PRECOMPILE_PREFIX_HEADER</key>
				<string>YES</string>
				<key>GCC_PREFIX_HEADER</key>
				<string>ReactiveForm/ReactiveForm-Prefix.pch</string>
				<key>INFOPLIST_FILE</key>
				<string>ReactiveForm/ReactiveForm-Info.plist</string>
				<key>PRODUCT_NAME</key>
				<string>$(TARGET_NAME)</string>
				<key>WRAPPER_EXTENSION</key>
				<string>app</string>
			</dict>
			<key>isa</key>
			<string>XCBuildConfiguration</string>
			<key>name</key>
			<string>Release</string>
		</dict>
		<key>967F089C184CD15F007C7DCD</key>
		<dict>
			<key>buildConfigurations</key>
			<array>
				<string>967F089D184CD15F007C7DCD</string>
				<string>967F089E184CD15F007C7DCD</string>
			</array>
			<key>defaultConfigurationIsVisible</key>
			<string>0</string>
			<key>isa</key>
			<string>XCConfigurationList</string>
		</dict>
		<key>967F089D184CD15F007C7DCD</key>
		<dict>
			<key>buildSettings</key>
			<dict>
				<key>ARCHS</key>
				<string>$(ARCHS_STANDARD_INCLUDING_64_BIT)</string>
				<key>BUNDLE_LOADER</key>
				<string>$(BUILT_PRODUCTS_DIR)/ReactiveForm.app/ReactiveForm</string>
				<key>FRAMEWORK_SEARCH_PATHS</key>
				<array>
					<string>$(SDKROOT)/Developer/Library/Frameworks</string>
					<string>$(inherited)</string>
					<string>$(DEVELOPER_FRAMEWORKS_DIR)</string>
				</array>
				<key>GCC_PRECOMPILE_PREFIX_HEADER</key>
				<string>YES</string>
				<key>GCC_PREFIX_HEADER</key>
				<string>ReactiveForm/ReactiveForm-Prefix.pch</string>
				<key>GCC_PREPROCESSOR_DEFINITIONS</key>
				<array>
					<string>DEBUG=1</string>
					<string>$(inherited)</string>
				</array>
				<key>INFOPLIST_FILE</key>
				<string>ReactiveFormTests/ReactiveFormTests-Info.plist</string>
				<key>PRODUCT_NAME</key>
				<string>$(TARGET_NAME)</string>
				<key>TEST_HOST</key>
				<string>$(BUNDLE_LOADER)</string>
				<key>WRAPPER_EXTENSION</key>
				<string>xctest</string>
			</dict>
			<key>isa</key>
			<string>XCBuildConfiguration</string>
			<key>name</key>
			<string>Debug</string>
		</dict>
		<key>967F089E184CD15F007C7DCD</key>
		<dict>
			<key>buildSettings</key>
			<dict>
				<key>ARCHS</key>
				<string>$(ARCHS_STANDARD_INCLUDING_64_BIT)</string>
				<key>BUNDLE_LOADER</key>
				<string>$(BUILT_PRODUCTS_DIR)/ReactiveForm.app/ReactiveForm</string>
				<key>FRAMEWORK_SEARCH_PATHS</key>
				<array>
					<string>$(SDKROOT)/Developer/Library/Frameworks</string>
					<string>$(inherited)</string>
					<string>$(DEVELOPER_FRAMEWORKS_DIR)</string>
				</array>
				<key>GCC_PRECOMPILE_PREFIX_HEADER</key>
				<string>YES</string>
				<key>GCC_PREFIX_HEADER</key>
				<string>ReactiveForm/ReactiveForm-Prefix.pch</string>
				<key>INFOPLIST_FILE</key>
				<string>ReactiveFormTests/ReactiveFormTests-Info.plist</string>
				<key>PRODUCT_NAME</key>
				<string>$(TARGET_NAME)</string>
				<key>TEST_HOST</key>
				<string>$(BUNDLE_LOADER)</string>
				<key>WRAPPER_EXTENSION</key>
				<string>xctest</string>
			</dict>
			<key>isa</key>
			<string>XCBuildConfiguration</string>
			<key>name</key>
			<string>Release</string>
		</dict>
		<key>9981F6825FE3472589E99E6D</key>
		<dict>
			<key>explicitFileType</key>
			<string>archive.ar</string>
			<key>includeInIndex</key>
			<string>0</string>
			<key>isa</key>
			<string>PBXFileReference</string>
			<key>path</key>
			<string>libPods.a</string>
			<key>sourceTree</key>
			<string>BUILT_PRODUCTS_DIR</string>
		</dict>
		<key>F6E09F69250A43B2AE7752D4</key>
		<dict>
			<key>includeInIndex</key>
			<string>1</string>
			<key>isa</key>
			<string>PBXFileReference</string>
			<key>lastKnownFileType</key>
			<string>text.xcconfig</string>
			<key>name</key>
			<string>Pods.xcconfig</string>
			<key>path</key>
			<string>Pods/Pods.xcconfig</string>
			<key>sourceTree</key>
			<string>&lt;group&gt;</string>
		</dict>
	</dict>
	<key>rootObject</key>
	<string>967F085C184CD15E007C7DCD</string>
</dict>
</plist>
