// !$*UTF8*$!
{
	archiveVersion = 1;
	classes = {
	};
	objectVersion = 46;
	objects = {

/* Begin PBXBuildFile section */
		5C780AFCE68749B6B6A0825F /* libPods.a in Frameworks */ = {isa = PBXBuildFile; fileRef = D7F35E72A9BC4A1EB090E47D /* libPods.a */; };
		967F08AC184D2F01007C7DCD /* Foundation.framework in Frameworks */ = {isa = PBXBuildFile; fileRef = 967F08AB184D2F01007C7DCD /* Foundation.framework */; };
		967F08AE184D2F01007C7DCD /* CoreGraphics.framework in Frameworks */ = {isa = PBXBuildFile; fileRef = 967F08AD184D2F01007C7DCD /* CoreGraphics.framework */; };
		967F08B0184D2F01007C7DCD /* UIKit.framework in Frameworks */ = {isa = PBXBuildFile; fileRef = 967F08AF184D2F01007C7DCD /* UIKit.framework */; };
		967F08B6184D2F01007C7DCD /* InfoPlist.strings in Resources */ = {isa = PBXBuildFile; fileRef = 967F08B4184D2F01007C7DCD /* InfoPlist.strings */; };
		967F08B8184D2F01007C7DCD /* main.m in Sources */ = {isa = PBXBuildFile; fileRef = 967F08B7184D2F01007C7DCD /* main.m */; };
		967F08BC184D2F01007C7DCD /* AppDelegate.m in Sources */ = {isa = PBXBuildFile; fileRef = 967F08BB184D2F01007C7DCD /* AppDelegate.m */; };
		967F08BF184D2F02007C7DCD /* Main_iPhone.storyboard in Resources */ = {isa = PBXBuildFile; fileRef = 967F08BD184D2F02007C7DCD /* Main_iPhone.storyboard */; };
		967F08C2184D2F02007C7DCD /* Main_iPad.storyboard in Resources */ = {isa = PBXBuildFile; fileRef = 967F08C0184D2F02007C7DCD /* Main_iPad.storyboard */; };
		967F08C5184D2F02007C7DCD /* ViewController.m in Sources */ = {isa = PBXBuildFile; fileRef = 967F08C4184D2F02007C7DCD /* ViewController.m */; };
		967F08C7184D2F02007C7DCD /* Images.xcassets in Resources */ = {isa = PBXBuildFile; fileRef = 967F08C6184D2F02007C7DCD /* Images.xcassets */; };
		967F08CE184D2F02007C7DCD /* XCTest.framework in Frameworks */ = {isa = PBXBuildFile; fileRef = 967F08CD184D2F02007C7DCD /* XCTest.framework */; };
		967F08CF184D2F02007C7DCD /* Foundation.framework in Frameworks */ = {isa = PBXBuildFile; fileRef = 967F08AB184D2F01007C7DCD /* Foundation.framework */; };
		967F08D0184D2F02007C7DCD /* UIKit.framework in Frameworks */ = {isa = PBXBuildFile; fileRef = 967F08AF184D2F01007C7DCD /* UIKit.framework */; };
		967F08D8184D2F02007C7DCD /* InfoPlist.strings in Resources */ = {isa = PBXBuildFile; fileRef = 967F08D6184D2F02007C7DCD /* InfoPlist.strings */; };
		967F08DA184D2F02007C7DCD /* ReactiveCircleTests.m in Sources */ = {isa = PBXBuildFile; fileRef = 967F08D9184D2F02007C7DCD /* ReactiveCircleTests.m */; };
		967F08E7184D341B007C7DCD /* QuartzCore.framework in Frameworks */ = {isa = PBXBuildFile; fileRef = 967F08E6184D341B007C7DCD /* QuartzCore.framework */; };
/* End PBXBuildFile section */

/* Begin PBXContainerItemProxy section */
		967F08D1184D2F02007C7DCD /* PBXContainerItemProxy */ = {
			isa = PBXContainerItemProxy;
			containerPortal = 967F08A0184D2F01007C7DCD /* Project object */;
			proxyType = 1;
			remoteGlobalIDString = 967F08A7184D2F01007C7DCD;
			remoteInfo = ReactiveCircle;
		};
/* End PBXContainerItemProxy section */

/* Begin PBXFileReference section */
		967F08A8184D2F01007C7DCD /* ReactiveCircle.app */ = {isa = PBXFileReference; explicitFileType = wrapper.application; includeInIndex = 0; path = ReactiveCircle.app; sourceTree = BUILT_PRODUCTS_DIR; };
		967F08AB184D2F01007C7DCD /* Foundation.framework */ = {isa = PBXFileReference; lastKnownFileType = wrapper.framework; name = Foundation.framework; path = System/Library/Frameworks/Foundation.framework; sourceTree = SDKROOT; };
		967F08AD184D2F01007C7DCD /* CoreGraphics.framework */ = {isa = PBXFileReference; lastKnownFileType = wrapper.framework; name = CoreGraphics.framework; path = System/Library/Frameworks/CoreGraphics.framework; sourceTree = SDKROOT; };
		967F08AF184D2F01007C7DCD /* UIKit.framework */ = {isa = PBXFileReference; lastKnownFileType = wrapper.framework; name = UIKit.framework; path = System/Library/Frameworks/UIKit.framework; sourceTree = SDKROOT; };
		967F08B3184D2F01007C7DCD /* ReactiveCircle-Info.plist */ = {isa = PBXFileReference; lastKnownFileType = text.plist.xml; path = "ReactiveCircle-Info.plist"; sourceTree = "<group>"; };
		967F08B5184D2F01007C7DCD /* en */ = {isa = PBXFileReference; lastKnownFileType = text.plist.strings; name = en; path = en.lproj/InfoPlist.strings; sourceTree = "<group>"; };
		967F08B7184D2F01007C7DCD /* main.m */ = {isa = PBXFileReference; lastKnownFileType = sourcecode.c.objc; path = main.m; sourceTree = "<group>"; };
		967F08B9184D2F01007C7DCD /* ReactiveCircle-Prefix.pch */ = {isa = PBXFileReference; lastKnownFileType = sourcecode.c.h; path = "ReactiveCircle-Prefix.pch"; sourceTree = "<group>"; };
		967F08BA184D2F01007C7DCD /* AppDelegate.h */ = {isa = PBXFileReference; lastKnownFileType = sourcecode.c.h; path = AppDelegate.h; sourceTree = "<group>"; };
		967F08BB184D2F01007C7DCD /* AppDelegate.m */ = {isa = PBXFileReference; lastKnownFileType = sourcecode.c.objc; path = AppDelegate.m; sourceTree = "<group>"; };
		967F08BE184D2F02007C7DCD /* Base */ = {isa = PBXFileReference; lastKnownFileType = file.storyboard; name = Base; path = Base.lproj/Main_iPhone.storyboard; sourceTree = "<group>"; };
		967F08C1184D2F02007C7DCD /* Base */ = {isa = PBXFileReference; lastKnownFileType = file.storyboard; name = Base; path = Base.lproj/Main_iPad.storyboard; sourceTree = "<group>"; };
		967F08C3184D2F02007C7DCD /* ViewController.h */ = {isa = PBXFileReference; lastKnownFileType = sourcecode.c.h; path = ViewController.h; sourceTree = "<group>"; };
		967F08C4184D2F02007C7DCD /* ViewController.m */ = {isa = PBXFileReference; lastKnownFileType = sourcecode.c.objc; path = ViewController.m; sourceTree = "<group>"; };
		967F08C6184D2F02007C7DCD /* Images.xcassets */ = {isa = PBXFileReference; lastKnownFileType = folder.assetcatalog; path = Images.xcassets; sourceTree = "<group>"; };
		967F08CC184D2F02007C7DCD /* ReactiveCircleTests.xctest */ = {isa = PBXFileReference; explicitFileType = wrapper.cfbundle; includeInIndex = 0; path = ReactiveCircleTests.xctest; sourceTree = BUILT_PRODUCTS_DIR; };
		967F08CD184D2F02007C7DCD /* XCTest.framework */ = {isa = PBXFileReference; lastKnownFileType = wrapper.framework; name = XCTest.framework; path = Library/Frameworks/XCTest.framework; sourceTree = DEVELOPER_DIR; };
		967F08D5184D2F02007C7DCD /* ReactiveCircleTests-Info.plist */ = {isa = PBXFileReference; lastKnownFileType = text.plist.xml; path = "ReactiveCircleTests-Info.plist"; sourceTree = "<group>"; };
		967F08D7184D2F02007C7DCD /* en */ = {isa = PBXFileReference; lastKnownFileType = text.plist.strings; name = en; path = en.lproj/InfoPlist.strings; sourceTree = "<group>"; };
		967F08D9184D2F02007C7DCD /* ReactiveCircleTests.m */ = {isa = PBXFileReference; lastKnownFileType = sourcecode.c.objc; path = ReactiveCircleTests.m; sourceTree = "<group>"; };
		967F08E6184D341B007C7DCD /* QuartzCore.framework */ = {isa = PBXFileReference; lastKnownFileType = wrapper.framework; name = QuartzCore.framework; path = System/Library/Frameworks/QuartzCore.framework; sourceTree = SDKROOT; };
		D7F35E72A9BC4A1EB090E47D /* libPods.a */ = {isa = PBXFileReference; explicitFileType = archive.ar; includeInIndex = 0; path = libPods.a; sourceTree = BUILT_PRODUCTS_DIR; };
		E1D1C431D3004DA393892C32 /* Pods.xcconfig */ = {isa = PBXFileReference; includeInIndex = 1; lastKnownFileType = text.xcconfig; name = Pods.xcconfig; path = Pods/Pods.xcconfig; sourceTree = "<group>"; };
/* End PBXFileReference section */

/* Begin PBXFrameworksBuildPhase section */
		967F08A5184D2F01007C7DCD /* Frameworks */ = {
			isa = PBXFrameworksBuildPhase;
			buildActionMask = 2147483647;
			files = (
				967F08E7184D341B007C7DCD /* QuartzCore.framework in Frameworks */,
				967F08AE184D2F01007C7DCD /* CoreGraphics.framework in Frameworks */,
				967F08B0184D2F01007C7DCD /* UIKit.framework in Frameworks */,
				967F08AC184D2F01007C7DCD /* Foundation.framework in Frameworks */,
				5C780AFCE68749B6B6A0825F /* libPods.a in Frameworks */,
			);
			runOnlyForDeploymentPostprocessing = 0;
		};
		967F08C9184D2F02007C7DCD /* Frameworks */ = {
			isa = PBXFrameworksBuildPhase;
			buildActionMask = 2147483647;
			files = (
				967F08CE184D2F02007C7DCD /* XCTest.framework in Frameworks */,
				967F08D0184D2F02007C7DCD /* UIKit.framework in Frameworks */,
				967F08CF184D2F02007C7DCD /* Foundation.framework in Frameworks */,
			);
			runOnlyForDeploymentPostprocessing = 0;
		};
/* End PBXFrameworksBuildPhase section */

/* Begin PBXGroup section */
		967F089F184D2F01007C7DCD = {
			isa = PBXGroup;
			children = (
				967F08B1184D2F01007C7DCD /* ReactiveCircle */,
				967F08D3184D2F02007C7DCD /* ReactiveCircleTests */,
				967F08AA184D2F01007C7DCD /* Frameworks */,
				967F08A9184D2F01007C7DCD /* Products */,
				E1D1C431D3004DA393892C32 /* Pods.xcconfig */,
			);
			sourceTree = "<group>";
		};
		967F08A9184D2F01007C7DCD /* Products */ = {
			isa = PBXGroup;
			children = (
				967F08A8184D2F01007C7DCD /* ReactiveCircle.app */,
				967F08CC184D2F02007C7DCD /* ReactiveCircleTests.xctest */,
			);
			name = Products;
			sourceTree = "<group>";
		};
		967F08AA184D2F01007C7DCD /* Frameworks */ = {
			isa = PBXGroup;
			children = (
				967F08E6184D341B007C7DCD /* QuartzCore.framework */,
				967F08AB184D2F01007C7DCD /* Foundation.framework */,
				967F08AD184D2F01007C7DCD /* CoreGraphics.framework */,
				967F08AF184D2F01007C7DCD /* UIKit.framework */,
				967F08CD184D2F02007C7DCD /* XCTest.framework */,
				D7F35E72A9BC4A1EB090E47D /* libPods.a */,
			);
			name = Frameworks;
			sourceTree = "<group>";
		};
		967F08B1184D2F01007C7DCD /* ReactiveCircle */ = {
			isa = PBXGroup;
			children = (
				967F08BA184D2F01007C7DCD /* AppDelegate.h */,
				967F08BB184D2F01007C7DCD /* AppDelegate.m */,
				967F08BD184D2F02007C7DCD /* Main_iPhone.storyboard */,
				967F08C0184D2F02007C7DCD /* Main_iPad.storyboard */,
				967F08C3184D2F02007C7DCD /* ViewController.h */,
				967F08C4184D2F02007C7DCD /* ViewController.m */,
				967F08C6184D2F02007C7DCD /* Images.xcassets */,
				967F08B2184D2F01007C7DCD /* Supporting Files */,
			);
			path = ReactiveCircle;
			sourceTree = "<group>";
		};
		967F08B2184D2F01007C7DCD /* Supporting Files */ = {
			isa = PBXGroup;
			children = (
				967F08B3184D2F01007C7DCD /* ReactiveCircle-Info.plist */,
				967F08B4184D2F01007C7DCD /* InfoPlist.strings */,
				967F08B7184D2F01007C7DCD /* main.m */,
				967F08B9184D2F01007C7DCD /* ReactiveCircle-Prefix.pch */,
			);
			name = "Supporting Files";
			sourceTree = "<group>";
		};
		967F08D3184D2F02007C7DCD /* ReactiveCircleTests */ = {
			isa = PBXGroup;
			children = (
				967F08D9184D2F02007C7DCD /* ReactiveCircleTests.m */,
				967F08D4184D2F02007C7DCD /* Supporting Files */,
			);
			path = ReactiveCircleTests;
			sourceTree = "<group>";
		};
		967F08D4184D2F02007C7DCD /* Supporting Files */ = {
			isa = PBXGroup;
			children = (
				967F08D5184D2F02007C7DCD /* ReactiveCircleTests-Info.plist */,
				967F08D6184D2F02007C7DCD /* InfoPlist.strings */,
			);
			name = "Supporting Files";
			sourceTree = "<group>";
		};
/* End PBXGroup section */

/* Begin PBXNativeTarget section */
		967F08A7184D2F01007C7DCD /* ReactiveCircle */ = {
			isa = PBXNativeTarget;
			buildConfigurationList = 967F08DD184D2F02007C7DCD /* Build configuration list for PBXNativeTarget "ReactiveCircle" */;
			buildPhases = (
				72106DE99DD44B198790A9C6 /* Check Pods Manifest.lock */,
				967F08A4184D2F01007C7DCD /* Sources */,
				967F08A5184D2F01007C7DCD /* Frameworks */,
				967F08A6184D2F01007C7DCD /* Resources */,
				197483C020A24B908055D181 /* Copy Pods Resources */,
			);
			buildRules = (
			);
			dependencies = (
			);
			name = ReactiveCircle;
			productName = ReactiveCircle;
			productReference = 967F08A8184D2F01007C7DCD /* ReactiveCircle.app */;
			productType = "com.apple.product-type.application";
		};
		967F08CB184D2F02007C7DCD /* ReactiveCircleTests */ = {
			isa = PBXNativeTarget;
			buildConfigurationList = 967F08E0184D2F02007C7DCD /* Build configuration list for PBXNativeTarget "ReactiveCircleTests" */;
			buildPhases = (
				967F08C8184D2F02007C7DCD /* Sources */,
				967F08C9184D2F02007C7DCD /* Frameworks */,
				967F08CA184D2F02007C7DCD /* Resources */,
			);
			buildRules = (
			);
			dependencies = (
				967F08D2184D2F02007C7DCD /* PBXTargetDependency */,
			);
			name = ReactiveCircleTests;
			productName = ReactiveCircleTests;
			productReference = 967F08CC184D2F02007C7DCD /* ReactiveCircleTests.xctest */;
			productType = "com.apple.product-type.bundle.unit-test";
		};
/* End PBXNativeTarget section */

/* Begin PBXProject section */
		967F08A0184D2F01007C7DCD /* Project object */ = {
			isa = PBXProject;
			attributes = {
				LastUpgradeCheck = 0500;
				ORGANIZATIONNAME = "Matthew Propst";
				TargetAttributes = {
					967F08CB184D2F02007C7DCD = {
						TestTargetID = 967F08A7184D2F01007C7DCD;
					};
				};
			};
			buildConfigurationList = 967F08A3184D2F01007C7DCD /* Build configuration list for PBXProject "ReactiveCircle" */;
			compatibilityVersion = "Xcode 3.2";
			developmentRegion = English;
			hasScannedForEncodings = 0;
			knownRegions = (
				en,
				Base,
			);
			mainGroup = 967F089F184D2F01007C7DCD;
			productRefGroup = 967F08A9184D2F01007C7DCD /* Products */;
			projectDirPath = "";
			projectRoot = "";
			targets = (
				967F08A7184D2F01007C7DCD /* ReactiveCircle */,
				967F08CB184D2F02007C7DCD /* ReactiveCircleTests */,
			);
		};
/* End PBXProject section */

/* Begin PBXResourcesBuildPhase section */
		967F08A6184D2F01007C7DCD /* Resources */ = {
			isa = PBXResourcesBuildPhase;
			buildActionMask = 2147483647;
			files = (
				967F08C2184D2F02007C7DCD /* Main_iPad.storyboard in Resources */,
				967F08C7184D2F02007C7DCD /* Images.xcassets in Resources */,
				967F08BF184D2F02007C7DCD /* Main_iPhone.storyboard in Resources */,
				967F08B6184D2F01007C7DCD /* InfoPlist.strings in Resources */,
			);
			runOnlyForDeploymentPostprocessing = 0;
		};
		967F08CA184D2F02007C7DCD /* Resources */ = {
			isa = PBXResourcesBuildPhase;
			buildActionMask = 2147483647;
			files = (
				967F08D8184D2F02007C7DCD /* InfoPlist.strings in Resources */,
			);
			runOnlyForDeploymentPostprocessing = 0;
		};
/* End PBXResourcesBuildPhase section */

/* Begin PBXShellScriptBuildPhase section */
		197483C020A24B908055D181 /* Copy Pods Resources */ = {
			isa = PBXShellScriptBuildPhase;
			buildActionMask = 2147483647;
			files = (
			);
			inputPaths = (
			);
			name = "Copy Pods Resources";
			outputPaths = (
			);
			runOnlyForDeploymentPostprocessing = 0;
			shellPath = /bin/sh;
			shellScript = "\"${SRCROOT}/Pods/Pods-resources.sh\"\n";
			showEnvVarsInLog = 0;
		};
		72106DE99DD44B198790A9C6 /* Check Pods Manifest.lock */ = {
			isa = PBXShellScriptBuildPhase;
			buildActionMask = 2147483647;
			files = (
			);
			inputPaths = (
			);
			name = "Check Pods Manifest.lock";
			outputPaths = (
			);
			runOnlyForDeploymentPostprocessing = 0;
			shellPath = /bin/sh;
			shellScript = "diff \"${PODS_ROOT}/../Podfile.lock\" \"${PODS_ROOT}/Manifest.lock\" > /dev/null\nif [[ $? != 0 ]] ; then\n    cat << EOM\nerror: The sandbox is not in sync with the Podfile.lock. Run 'pod install' or update your CocoaPods installation.\nEOM\n    exit 1\nfi\n";
			showEnvVarsInLog = 0;
		};
/* End PBXShellScriptBuildPhase section */

/* Begin PBXSourcesBuildPhase section */
		967F08A4184D2F01007C7DCD /* Sources */ = {
			isa = PBXSourcesBuildPhase;
			buildActionMask = 2147483647;
			files = (
				967F08C5184D2F02007C7DCD /* ViewController.m in Sources */,
				967F08BC184D2F01007C7DCD /* AppDelegate.m in Sources */,
				967F08B8184D2F01007C7DCD /* main.m in Sources */,
			);
			runOnlyForDeploymentPostprocessing = 0;
		};
		967F08C8184D2F02007C7DCD /* Sources */ = {
			isa = PBXSourcesBuildPhase;
			buildActionMask = 2147483647;
			files = (
				967F08DA184D2F02007C7DCD /* ReactiveCircleTests.m in Sources */,
			);
			runOnlyForDeploymentPostprocessing = 0;
		};
/* End PBXSourcesBuildPhase section */

/* Begin PBXTargetDependency section */
		967F08D2184D2F02007C7DCD /* PBXTargetDependency */ = {
			isa = PBXTargetDependency;
			target = 967F08A7184D2F01007C7DCD /* ReactiveCircle */;
			targetProxy = 967F08D1184D2F02007C7DCD /* PBXContainerItemProxy */;
		};
/* End PBXTargetDependency section */

/* Begin PBXVariantGroup section */
		967F08B4184D2F01007C7DCD /* InfoPlist.strings */ = {
			isa = PBXVariantGroup;
			children = (
				967F08B5184D2F01007C7DCD /* en */,
			);
			name = InfoPlist.strings;
			sourceTree = "<group>";
		};
		967F08BD184D2F02007C7DCD /* Main_iPhone.storyboard */ = {
			isa = PBXVariantGroup;
			children = (
				967F08BE184D2F02007C7DCD /* Base */,
			);
			name = Main_iPhone.storyboard;
			sourceTree = "<group>";
		};
		967F08C0184D2F02007C7DCD /* Main_iPad.storyboard */ = {
			isa = PBXVariantGroup;
			children = (
				967F08C1184D2F02007C7DCD /* Base */,
			);
			name = Main_iPad.storyboard;
			sourceTree = "<group>";
		};
		967F08D6184D2F02007C7DCD /* InfoPlist.strings */ = {
			isa = PBXVariantGroup;
			children = (
				967F08D7184D2F02007C7DCD /* en */,
			);
			name = InfoPlist.strings;
			sourceTree = "<group>";
		};
/* End PBXVariantGroup section */

/* Begin XCBuildConfiguration section */
		967F08DB184D2F02007C7DCD /* Debug */ = {
			isa = XCBuildConfiguration;
			buildSettings = {
				ALWAYS_SEARCH_USER_PATHS = NO;
				ARCHS = "$(ARCHS_STANDARD_INCLUDING_64_BIT)";
				CLANG_CXX_LANGUAGE_STANDARD = "gnu++0x";
				CLANG_CXX_LIBRARY = "libc++";
				CLANG_ENABLE_MODULES = YES;
				CLANG_ENABLE_OBJC_ARC = YES;
				CLANG_WARN_BOOL_CONVERSION = YES;
				CLANG_WARN_CONSTANT_CONVERSION = YES;
				CLANG_WARN_DIRECT_OBJC_ISA_USAGE = YES_ERROR;
				CLANG_WARN_EMPTY_BODY = YES;
				CLANG_WARN_ENUM_CONVERSION = YES;
				CLANG_WARN_INT_CONVERSION = YES;
				CLANG_WARN_OBJC_ROOT_CLASS = YES_ERROR;
				CLANG_WARN__DUPLICATE_METHOD_MATCH = YES;
				"CODE_SIGN_IDENTITY[sdk=iphoneos*]" = "iPhone Developer";
				COPY_PHASE_STRIP = NO;
				GCC_C_LANGUAGE_STANDARD = gnu99;
				GCC_DYNAMIC_NO_PIC = NO;
				GCC_OPTIMIZATION_LEVEL = 0;
				GCC_PREPROCESSOR_DEFINITIONS = (
					"DEBUG=1",
					"$(inherited)",
				);
				GCC_SYMBOLS_PRIVATE_EXTERN = NO;
				GCC_WARN_64_TO_32_BIT_CONVERSION = YES;
				GCC_WARN_ABOUT_RETURN_TYPE = YES_ERROR;
				GCC_WARN_UNDECLARED_SELECTOR = YES;
				GCC_WARN_UNINITIALIZED_AUTOS = YES;
				GCC_WARN_UNUSED_FUNCTION = YES;
				GCC_WARN_UNUSED_VARIABLE = YES;
				IPHONEOS_DEPLOYMENT_TARGET = 7.0;
				ONLY_ACTIVE_ARCH = YES;
				SDKROOT = iphoneos;
				TARGETED_DEVICE_FAMILY = "1,2";
			};
			name = Debug;
		};
		967F08DC184D2F02007C7DCD /* Release */ = {
			isa = XCBuildConfiguration;
			buildSettings = {
				ALWAYS_SEARCH_USER_PATHS = NO;
				ARCHS = "$(ARCHS_STANDARD_INCLUDING_64_BIT)";
				CLANG_CXX_LANGUAGE_STANDARD = "gnu++0x";
				CLANG_CXX_LIBRARY = "libc++";
				CLANG_ENABLE_MODULES = YES;
				CLANG_ENABLE_OBJC_ARC = YES;
				CLANG_WARN_BOOL_CONVERSION = YES;
				CLANG_WARN_CONSTANT_CONVERSION = YES;
				CLANG_WARN_DIRECT_OBJC_ISA_USAGE = YES_ERROR;
				CLANG_WARN_EMPTY_BODY = YES;
				CLANG_WARN_ENUM_CONVERSION = YES;
				CLANG_WARN_INT_CONVERSION = YES;
				CLANG_WARN_OBJC_ROOT_CLASS = YES_ERROR;
				CLANG_WARN__DUPLICATE_METHOD_MATCH = YES;
				"CODE_SIGN_IDENTITY[sdk=iphoneos*]" = "iPhone Developer";
				COPY_PHASE_STRIP = YES;
				ENABLE_NS_ASSERTIONS = NO;
				GCC_C_LANGUAGE_STANDARD = gnu99;
				GCC_WARN_64_TO_32_BIT_CONVERSION = YES;
				GCC_WARN_ABOUT_RETURN_TYPE = YES_ERROR;
				GCC_WARN_UNDECLARED_SELECTOR = YES;
				GCC_WARN_UNINITIALIZED_AUTOS = YES;
				GCC_WARN_UNUSED_FUNCTION = YES;
				GCC_WARN_UNUSED_VARIABLE = YES;
				IPHONEOS_DEPLOYMENT_TARGET = 7.0;
				SDKROOT = iphoneos;
				TARGETED_DEVICE_FAMILY = "1,2";
				VALIDATE_PRODUCT = YES;
			};
			name = Release;
		};
		967F08DE184D2F02007C7DCD /* Debug */ = {
			isa = XCBuildConfiguration;
			baseConfigurationReference = E1D1C431D3004DA393892C32 /* Pods.xcconfig */;
			buildSettings = {
				ASSETCATALOG_COMPILER_APPICON_NAME = AppIcon;
				ASSETCATALOG_COMPILER_LAUNCHIMAGE_NAME = LaunchImage;
				GCC_PRECOMPILE_PREFIX_HEADER = YES;
				GCC_PREFIX_HEADER = "ReactiveCircle/ReactiveCircle-Prefix.pch";
				INFOPLIST_FILE = "ReactiveCircle/ReactiveCircle-Info.plist";
				PRODUCT_NAME = "$(TARGET_NAME)";
				WRAPPER_EXTENSION = app;
			};
			name = Debug;
		};
		967F08DF184D2F02007C7DCD /* Release */ = {
			isa = XCBuildConfiguration;
			baseConfigurationReference = E1D1C431D3004DA393892C32 /* Pods.xcconfig */;
			buildSettings = {
				ASSETCATALOG_COMPILER_APPICON_NAME = AppIcon;
				ASSETCATALOG_COMPILER_LAUNCHIMAGE_NAME = LaunchImage;
				GCC_PRECOMPILE_PREFIX_HEADER = YES;
				GCC_PREFIX_HEADER = "ReactiveCircle/ReactiveCircle-Prefix.pch";
				INFOPLIST_FILE = "ReactiveCircle/ReactiveCircle-Info.plist";
				PRODUCT_NAME = "$(TARGET_NAME)";
				WRAPPER_EXTENSION = app;
			};
			name = Release;
		};
		967F08E1184D2F02007C7DCD /* Debug */ = {
			isa = XCBuildConfiguration;
			buildSettings = {
				ARCHS = "$(ARCHS_STANDARD_INCLUDING_64_BIT)";
				BUNDLE_LOADER = "$(BUILT_PRODUCTS_DIR)/ReactiveCircle.app/ReactiveCircle";
				FRAMEWORK_SEARCH_PATHS = (
					"$(SDKROOT)/Developer/Library/Frameworks",
					"$(inherited)",
					"$(DEVELOPER_FRAMEWORKS_DIR)",
				);
				GCC_PRECOMPILE_PREFIX_HEADER = YES;
				GCC_PREFIX_HEADER = "ReactiveCircle/ReactiveCircle-Prefix.pch";
				GCC_PREPROCESSOR_DEFINITIONS = (
					"DEBUG=1",
					"$(inherited)",
				);
				INFOPLIST_FILE = "ReactiveCircleTests/ReactiveCircleTests-Info.plist";
				PRODUCT_NAME = "$(TARGET_NAME)";
				TEST_HOST = "$(BUNDLE_LOADER)";
				WRAPPER_EXTENSION = xctest;
			};
			name = Debug;
		};
		967F08E2184D2F02007C7DCD /* Release */ = {
			isa = XCBuildConfiguration;
			buildSettings = {
				ARCHS = "$(ARCHS_STANDARD_INCLUDING_64_BIT)";
				BUNDLE_LOADER = "$(BUILT_PRODUCTS_DIR)/ReactiveCircle.app/ReactiveCircle";
				FRAMEWORK_SEARCH_PATHS = (
					"$(SDKROOT)/Developer/Library/Frameworks",
					"$(inherited)",
					"$(DEVELOPER_FRAMEWORKS_DIR)",
				);
				GCC_PRECOMPILE_PREFIX_HEADER = YES;
				GCC_PREFIX_HEADER = "ReactiveCircle/ReactiveCircle-Prefix.pch";
				INFOPLIST_FILE = "ReactiveCircleTests/ReactiveCircleTests-Info.plist";
				PRODUCT_NAME = "$(TARGET_NAME)";
				TEST_HOST = "$(BUNDLE_LOADER)";
				WRAPPER_EXTENSION = xctest;
			};
			name = Release;
		};
/* End XCBuildConfiguration section */

/* Begin XCConfigurationList section */
		967F08A3184D2F01007C7DCD /* Build configuration list for PBXProject "ReactiveCircle" */ = {
			isa = XCConfigurationList;
			buildConfigurations = (
				967F08DB184D2F02007C7DCD /* Debug */,
				967F08DC184D2F02007C7DCD /* Release */,
			);
			defaultConfigurationIsVisible = 0;
			defaultConfigurationName = Release;
		};
		967F08DD184D2F02007C7DCD /* Build configuration list for PBXNativeTarget "ReactiveCircle" */ = {
			isa = XCConfigurationList;
			buildConfigurations = (
				967F08DE184D2F02007C7DCD /* Debug */,
				967F08DF184D2F02007C7DCD /* Release */,
			);
			defaultConfigurationIsVisible = 0;
			defaultConfigurationName = Release;
		};
		967F08E0184D2F02007C7DCD /* Build configuration list for PBXNativeTarget "ReactiveCircleTests" */ = {
			isa = XCConfigurationList;
			buildConfigurations = (
				967F08E1184D2F02007C7DCD /* Debug */,
				967F08E2184D2F02007C7DCD /* Release */,
			);
			defaultConfigurationIsVisible = 0;
			defaultConfigurationName = Release;
		};
/* End XCConfigurationList section */
	};
	rootObject = 967F08A0184D2F01007C7DCD /* Project object */;
}
